
Microsoft Visual Studio Solution File, Format Version 12.00
# Visual Studio Version 16
VisualStudioVersion = 16.0.31729.503
MinimumVisualStudioVersion = 10.0.40219.1
Project("{FAE04EC0-301F-11D3-BF4B-00C04F79EFBC}") = "ConsoleApp3", "ConsoleApp3\ConsoleApp3.csproj", "{1139607A-4804-47A0-977C-8218D24E0C4C}"
EndProject
Global
	GlobalSection(SolutionConfigurationPlatforms) = preSolution
		Debug|Any CPU = Debug|Any CPU
		Release|Any CPU = Release|Any CPU
	EndGlobalSection
	GlobalSection(ProjectConfigurationPlatforms) = postSolution
		{1139607A-4804-47A0-977C-8218D24E0C4C}.Debug|Any CPU.ActiveCfg = Debug|Any CPU
		{1139607A-4804-47A0-977C-8218D24E0C4C}.Debug|Any CPU.Build.0 = Debug|Any CPU
		{1139607A-4804-47A0-977C-8218D24E0C4C}.Release|Any CPU.ActiveCfg = Release|Any CPU
		{1139607A-4804-47A0-977C-8218D24E0C4C}.Release|Any CPU.Build.0 = Release|Any CPU
	EndGlobalSection
	GlobalSection(SolutionProperties) = preSolution
		HideSolutionNode = FALSE
	EndGlobalSection
	GlobalSection(ExtensibilityGlobals) = postSolution
		SolutionGuid = {E12C0D12-60EA-4D34-B211-CA3B4498F812}
	EndGlobalSection
EndGlobal
